
Microsoft Visual Studio Solution File, Format Version 12.00
# Visual Studio 15
VisualStudioVersion = 15.0.28307.852
MinimumVisualStudioVersion = 10.0.40219.1
Project("{8BC9CEB8-8B4A-11D0-8D11-00A0C91BC942}") = "EightMinuteEmpire", "EightMinuteEmpire\EightMinuteEmpire.vcxproj", "{914A994D-3491-4DC6-A189-37A49D95808F}"
EndProject
Global
	GlobalSection(SolutionConfigurationPlatforms) = preSolution
		Debug|x64 = Debug|x64
		Debug|x86 = Debug|x86
		Release|x64 = Release|x64
		Release|x86 = Release|x86
	EndGlobalSection
	GlobalSection(ProjectConfigurationPlatforms) = postSolution
		{914A994D-3491-4DC6-A189-37A49D95808F}.Debug|x64.ActiveCfg = Debug|x64
		{914A994D-3491-4DC6-A189-37A49D95808F}.Debug|x64.Build.0 = Debug|x64
		{914A994D-3491-4DC6-A189-37A49D95808F}.Debug|x86.ActiveCfg = Debug|Win32
		{914A994D-3491-4DC6-A189-37A49D95808F}.Debug|x86.Build.0 = Debug|Win32
		{914A994D-3491-4DC6-A189-37A49D95808F}.Release|x64.ActiveCfg = Release|x64
		{914A994D-3491-4DC6-A189-37A49D95808F}.Release|x64.Build.0 = Release|x64
		{914A994D-3491-4DC6-A189-37A49D95808F}.Release|x86.ActiveCfg = Release|Win32
		{914A994D-3491-4DC6-A189-37A49D95808F}.Release|x86.Build.0 = Release|Win32
	EndGlobalSection
	GlobalSection(SolutionProperties) = preSolution
		HideSolutionNode = FALSE
	EndGlobalSection
	GlobalSection(ExtensibilityGlobals) = postSolution
		SolutionGuid = {5EF68115-829E-4F49-928F-C9BA1EB89424}
	EndGlobalSection
EndGlobal
